
Microsoft Visual Studio Solution File, Format Version 12.00
# Visual Studio Version 17
VisualStudioVersion = 17.3.32804.467
MinimumVisualStudioVersion = 10.0.40219.1
Project("{FAE04EC0-301F-11D3-BF4B-00C04F79EFBC}") = "RestSharpNunit", "RestSharpNunit\RestSharpNunit.csproj", "{C76AD7C6-0AB6-45B7-B810-B8E80C4C3B4E}"
EndProject
Global
	GlobalSection(SolutionConfigurationPlatforms) = preSolution
		Debug|Any CPU = Debug|Any CPU
		Release|Any CPU = Release|Any CPU
	EndGlobalSection
	GlobalSection(ProjectConfigurationPlatforms) = postSolution
		{C76AD7C6-0AB6-45B7-B810-B8E80C4C3B4E}.Debug|Any CPU.ActiveCfg = Debug|Any CPU
		{C76AD7C6-0AB6-45B7-B810-B8E80C4C3B4E}.Debug|Any CPU.Build.0 = Debug|Any CPU
		{C76AD7C6-0AB6-45B7-B810-B8E80C4C3B4E}.Release|Any CPU.ActiveCfg = Release|Any CPU
		{C76AD7C6-0AB6-45B7-B810-B8E80C4C3B4E}.Release|Any CPU.Build.0 = Release|Any CPU
	EndGlobalSection
	GlobalSection(SolutionProperties) = preSolution
		HideSolutionNode = FALSE
	EndGlobalSection
	GlobalSection(ExtensibilityGlobals) = postSolution
		SolutionGuid = {60727C33-0D3C-4640-8FD3-9123852D9204}
	EndGlobalSection
EndGlobal
